
Microsoft Visual Studio Solution File, Format Version 12.00
# Visual Studio Version 17
VisualStudioVersion = 17.11.35312.102
MinimumVisualStudioVersion = 10.0.40219.1
Project("{FAE04EC0-301F-11D3-BF4B-00C04F79EFBC}") = "MatBlazor-blazor-App", "MatBlazor-blazor-App\MatBlazor-blazor-App.csproj", "{CDB109E7-7804-471D-AE46-FD261DF44FAF}"
EndProject
Global
	GlobalSection(SolutionConfigurationPlatforms) = preSolution
		Debug|Any CPU = Debug|Any CPU
		Release|Any CPU = Release|Any CPU
	EndGlobalSection
	GlobalSection(ProjectConfigurationPlatforms) = postSolution
		{CDB109E7-7804-471D-AE46-FD261DF44FAF}.Debug|Any CPU.ActiveCfg = Debug|Any CPU
		{CDB109E7-7804-471D-AE46-FD261DF44FAF}.Debug|Any CPU.Build.0 = Debug|Any CPU
		{CDB109E7-7804-471D-AE46-FD261DF44FAF}.Release|Any CPU.ActiveCfg = Release|Any CPU
		{CDB109E7-7804-471D-AE46-FD261DF44FAF}.Release|Any CPU.Build.0 = Release|Any CPU
	EndGlobalSection
	GlobalSection(SolutionProperties) = preSolution
		HideSolutionNode = FALSE
	EndGlobalSection
	GlobalSection(ExtensibilityGlobals) = postSolution
		SolutionGuid = {FC79F5B5-6F58-46CC-B9B6-2A31C8075B3D}
	EndGlobalSection
EndGlobal
